{
  "requires": true,
  "lockfileVersion": 1,
  "dependencies": {
    "reach-router": {
      "version": "0.0.0",
      "resolved": "https://registry.npmjs.org/reach-router/-/reach-router-0.0.0.tgz",
      "integrity": "sha512-2/69AL3yAtS+DtvnZygq0gcjOLwtuB7fZYneC0AHtDjbthBtllwFekHTjscwt2Hn2ZEGgVXM36sHiH72hOba2A=="
    }
  }
}
